
Microsoft Visual Studio Solution File, Format Version 12.00
# Visual Studio 15
Project("{FAE04EC0-301F-11D3-BF4B-00C04F79EFBC}") = "Assembly-CSharp", "Assembly-CSharp.csproj", "{AC1C8F4C-E3D9-CF1E-07F2-F4E113D1459D}"
EndProject
Project("{FAE04EC0-301F-11D3-BF4B-00C04F79EFBC}") = "Boids", "Boids.csproj", "{4F79273A-4AB5-14A8-7929-03E58016AEE7}"
EndProject
Project("{FAE04EC0-301F-11D3-BF4B-00C04F79EFBC}") = "Unity.RenderPipelines.HighDefinitionConfig.Editor.Tests", "Unity.RenderPipelines.HighDefinitionConfig.Editor.Tests.csproj", "{0A8673C2-4B75-0253-DCFD-4DE1DC7384A5}"
EndProject
Project("{FAE04EC0-301F-11D3-BF4B-00C04F79EFBC}") = "Unity.RenderPipelines.HighDefinition.Config.Runtime", "Unity.RenderPipelines.HighDefinition.Config.Runtime.csproj", "{B0CC0B8B-2609-908B-6405-36A8BFACD973}"
EndProject
Global
	GlobalSection(SolutionConfigurationPlatforms) = preSolution
		Debug|Any CPU = Debug|Any CPU
		Release|Any CPU = Release|Any CPU
	EndGlobalSection
	GlobalSection(ProjectConfigurationPlatforms) = postSolution
		{AC1C8F4C-E3D9-CF1E-07F2-F4E113D1459D}.Debug|Any CPU.ActiveCfg = Debug|Any CPU
		{AC1C8F4C-E3D9-CF1E-07F2-F4E113D1459D}.Debug|Any CPU.Build.0 = Debug|Any CPU
		{AC1C8F4C-E3D9-CF1E-07F2-F4E113D1459D}.Release|Any CPU.ActiveCfg = Release|Any CPU
		{AC1C8F4C-E3D9-CF1E-07F2-F4E113D1459D}.Release|Any CPU.Build.0 = Release|Any CPU
		{4F79273A-4AB5-14A8-7929-03E58016AEE7}.Debug|Any CPU.ActiveCfg = Debug|Any CPU
		{4F79273A-4AB5-14A8-7929-03E58016AEE7}.Debug|Any CPU.Build.0 = Debug|Any CPU
		{4F79273A-4AB5-14A8-7929-03E58016AEE7}.Release|Any CPU.ActiveCfg = Release|Any CPU
		{4F79273A-4AB5-14A8-7929-03E58016AEE7}.Release|Any CPU.Build.0 = Release|Any CPU
		{0A8673C2-4B75-0253-DCFD-4DE1DC7384A5}.Debug|Any CPU.ActiveCfg = Debug|Any CPU
		{0A8673C2-4B75-0253-DCFD-4DE1DC7384A5}.Debug|Any CPU.Build.0 = Debug|Any CPU
		{0A8673C2-4B75-0253-DCFD-4DE1DC7384A5}.Release|Any CPU.ActiveCfg = Release|Any CPU
		{0A8673C2-4B75-0253-DCFD-4DE1DC7384A5}.Release|Any CPU.Build.0 = Release|Any CPU
		{B0CC0B8B-2609-908B-6405-36A8BFACD973}.Debug|Any CPU.ActiveCfg = Debug|Any CPU
		{B0CC0B8B-2609-908B-6405-36A8BFACD973}.Debug|Any CPU.Build.0 = Debug|Any CPU
		{B0CC0B8B-2609-908B-6405-36A8BFACD973}.Release|Any CPU.ActiveCfg = Release|Any CPU
		{B0CC0B8B-2609-908B-6405-36A8BFACD973}.Release|Any CPU.Build.0 = Release|Any CPU
	EndGlobalSection
	GlobalSection(SolutionProperties) = preSolution
		HideSolutionNode = FALSE
	EndGlobalSection
EndGlobal
